Microsoft Visual Studio Solution File, Format Version 12.00
# Visual Studio Version 16
VisualStudioVersion = 16.0.29920.165
MinimumVisualStudioVersion = 10.0.40219.1
Project("{2150E333-8FDC-42A3-9474-1A3956D46DE8}") = "src", "src", "{2CB05891-BC8B-48E7-B83E-7FE711B686A5}"
EndProject
Project("{2150E333-8FDC-42A3-9474-1A3956D46DE8}") = "tests", "tests", "{EE9CD29D-6B02-44C7-963B-C5762CF647A5}"
EndProject
Project("{9A19103F-16F7-4668-BE54-9A1E7A4F7556}") = "Microsoft.Bot.Builder.Runtime", "src\Microsoft.Bot.Builder.Runtime\Microsoft.Bot.Builder.Runtime.csproj", "{7E9361A0-5F56-4B91-A856-CE468D56B77A}"
EndProject
Project("{9A19103F-16F7-4668-BE54-9A1E7A4F7556}") = "Microsoft.Bot.Builder.Runtime.Tests", "tests\Microsoft.Bot.Builder.Runtime.Tests\Microsoft.Bot.Builder.Runtime.Tests.csproj", "{EDF4D4B2-FD1C-49DB-A90B-509846C59188}"
EndProject
Project("{9A19103F-16F7-4668-BE54-9A1E7A4F7556}") = "Microsoft.Bot.Builder.Runtime.WebHost", "src\Microsoft.Bot.Builder.Runtime.WebHost\Microsoft.Bot.Builder.Runtime.WebHost.csproj", "{DE7AFA93-00B8-422F-B554-CDBD1298E056}"
EndProject
Project("{9A19103F-16F7-4668-BE54-9A1E7A4F7556}") = "Microsoft.Bot.Builder.Runtime.CustomAction", "src\Microsoft.Bot.Builder.Runtime.CustomAction\Microsoft.Bot.Builder.Runtime.CustomAction.csproj", "{C6986FA8-B986-41BB-800B-EA6B2BDF7E43}"
EndProject
Project("{9A19103F-16F7-4668-BE54-9A1E7A4F7556}") = "Microsoft.Bot.Builder.Runtime.Functions", "src\Microsoft.Bot.Builder.Runtime.Functions\Microsoft.Bot.Builder.Runtime.Functions.csproj", "{AA55A7C3-D64A-4FDF-9B33-D57DBF79593E}"
EndProject
Global
	GlobalSection(SolutionConfigurationPlatforms) = preSolution
		Debug|Any CPU = Debug|Any CPU
		Release|Any CPU = Release|Any CPU
	EndGlobalSection
	GlobalSection(ProjectConfigurationPlatforms) = postSolution
		{7E9361A0-5F56-4B91-A856-CE468D56B77A}.Debug|Any CPU.ActiveCfg = Debug|Any CPU
		{7E9361A0-5F56-4B91-A856-CE468D56B77A}.Debug|Any CPU.Build.0 = Debug|Any CPU
		{7E9361A0-5F56-4B91-A856-CE468D56B77A}.Release|Any CPU.ActiveCfg = Release|Any CPU
		{7E9361A0-5F56-4B91-A856-CE468D56B77A}.Release|Any CPU.Build.0 = Release|Any CPU
		{EDF4D4B2-FD1C-49DB-A90B-509846C59188}.Debug|Any CPU.ActiveCfg = Debug|Any CPU
		{EDF4D4B2-FD1C-49DB-A90B-509846C59188}.Debug|Any CPU.Build.0 = Debug|Any CPU
		{EDF4D4B2-FD1C-49DB-A90B-509846C59188}.Release|Any CPU.ActiveCfg = Release|Any CPU
		{EDF4D4B2-FD1C-49DB-A90B-509846C59188}.Release|Any CPU.Build.0 = Release|Any CPU
		{DE7AFA93-00B8-422F-B554-CDBD1298E056}.Debug|Any CPU.ActiveCfg = Debug|Any CPU
		{DE7AFA93-00B8-422F-B554-CDBD1298E056}.Debug|Any CPU.Build.0 = Debug|Any CPU
		{DE7AFA93-00B8-422F-B554-CDBD1298E056}.Release|Any CPU.ActiveCfg = Release|Any CPU
		{DE7AFA93-00B8-422F-B554-CDBD1298E056}.Release|Any CPU.Build.0 = Release|Any CPU
		{C6986FA8-B986-41BB-800B-EA6B2BDF7E43}.Debug|Any CPU.ActiveCfg = Debug|Any CPU
		{C6986FA8-B986-41BB-800B-EA6B2BDF7E43}.Debug|Any CPU.Build.0 = Debug|Any CPU
		{C6986FA8-B986-41BB-800B-EA6B2BDF7E43}.Release|Any CPU.ActiveCfg = Release|Any CPU
		{C6986FA8-B986-41BB-800B-EA6B2BDF7E43}.Release|Any CPU.Build.0 = Release|Any CPU
		{AA55A7C3-D64A-4FDF-9B33-D57DBF79593E}.Debug|Any CPU.ActiveCfg = Debug|Any CPU
		{AA55A7C3-D64A-4FDF-9B33-D57DBF79593E}.Debug|Any CPU.Build.0 = Debug|Any CPU
		{AA55A7C3-D64A-4FDF-9B33-D57DBF79593E}.Release|Any CPU.ActiveCfg = Release|Any CPU
		{AA55A7C3-D64A-4FDF-9B33-D57DBF79593E}.Release|Any CPU.Build.0 = Release|Any CPU
	EndGlobalSection
	GlobalSection(SolutionProperties) = preSolution
		HideSolutionNode = FALSE
	EndGlobalSection
	GlobalSection(NestedProjects) = preSolution
		{7E9361A0-5F56-4B91-A856-CE468D56B77A} = {2CB05891-BC8B-48E7-B83E-7FE711B686A5}
		{EDF4D4B2-FD1C-49DB-A90B-509846C59188} = {EE9CD29D-6B02-44C7-963B-C5762CF647A5}
		{DE7AFA93-00B8-422F-B554-CDBD1298E056} = {2CB05891-BC8B-48E7-B83E-7FE711B686A5}
		{C6986FA8-B986-41BB-800B-EA6B2BDF7E43} = {2CB05891-BC8B-48E7-B83E-7FE711B686A5}
		{AA55A7C3-D64A-4FDF-9B33-D57DBF79593E} = {2CB05891-BC8B-48E7-B83E-7FE711B686A5}
	EndGlobalSection
	GlobalSection(ExtensibilityGlobals) = postSolution
		SolutionGuid = {3ABD55CC-193F-459C-83F3-6EBDDAC8B666}
	EndGlobalSection
EndGlobal
