
Microsoft Visual Studio Solution File, Format Version 12.00
# Visual Studio Version 16
VisualStudioVersion = 16.0.30503.244
MinimumVisualStudioVersion = 10.0.40219.1
Project("{9A19103F-16F7-4668-BE54-9A1E7A4F7556}") = "Microsoft.Bot.Core", "Microsoft.Bot.Core\Microsoft.Bot.Core.csproj", "{7E9361A0-5F56-4B91-A856-CE468D56B77A}"
EndProject
Project("{9A19103F-16F7-4668-BE54-9A1E7A4F7556}") = "Microsoft.Bot.Runtime.CustomAction", "Microsoft.Bot.Runtime.CustomAction\Microsoft.Bot.Runtime.CustomAction.csproj", "{473A5787-117D-41AD-B81E-7E19B14519F7}"
EndProject
Project("{9A19103F-16F7-4668-BE54-9A1E7A4F7556}") = "Microsoft.Bot.Runtime.WebHost", "Microsoft.Bot.Runtime.WebHost\Microsoft.Bot.Runtime.WebHost.csproj", "{295A3AD9-6911-4142-B175-0780BE30AB21}"
EndProject
Global
	GlobalSection(SolutionConfigurationPlatforms) = preSolution
		Debug|Any CPU = Debug|Any CPU
		Release|Any CPU = Release|Any CPU
	EndGlobalSection
	GlobalSection(ProjectConfigurationPlatforms) = postSolution
		{7E9361A0-5F56-4B91-A856-CE468D56B77A}.Debug|Any CPU.ActiveCfg = Debug|Any CPU
		{7E9361A0-5F56-4B91-A856-CE468D56B77A}.Debug|Any CPU.Build.0 = Debug|Any CPU
		{7E9361A0-5F56-4B91-A856-CE468D56B77A}.Release|Any CPU.ActiveCfg = Release|Any CPU
		{7E9361A0-5F56-4B91-A856-CE468D56B77A}.Release|Any CPU.Build.0 = Release|Any CPU
		{473A5787-117D-41AD-B81E-7E19B14519F7}.Debug|Any CPU.ActiveCfg = Debug|Any CPU
		{473A5787-117D-41AD-B81E-7E19B14519F7}.Debug|Any CPU.Build.0 = Debug|Any CPU
		{473A5787-117D-41AD-B81E-7E19B14519F7}.Release|Any CPU.ActiveCfg = Release|Any CPU
		{473A5787-117D-41AD-B81E-7E19B14519F7}.Release|Any CPU.Build.0 = Release|Any CPU
		{295A3AD9-6911-4142-B175-0780BE30AB21}.Debug|Any CPU.ActiveCfg = Debug|Any CPU
		{295A3AD9-6911-4142-B175-0780BE30AB21}.Debug|Any CPU.Build.0 = Debug|Any CPU
		{295A3AD9-6911-4142-B175-0780BE30AB21}.Release|Any CPU.ActiveCfg = Release|Any CPU
		{295A3AD9-6911-4142-B175-0780BE30AB21}.Release|Any CPU.Build.0 = Release|Any CPU
	EndGlobalSection
	GlobalSection(SolutionProperties) = preSolution
		HideSolutionNode = FALSE
	EndGlobalSection
	GlobalSection(ExtensibilityGlobals) = postSolution
		SolutionGuid = {3ABD55CC-193F-459C-83F3-6EBDDAC8B666}
	EndGlobalSection
EndGlobal
